
Microsoft Visual Studio Solution File, Format Version 12.00
# Visual Studio 15
VisualStudioVersion = 15.0.28010.2019
MinimumVisualStudioVersion = 10.0.40219.1
Project("{FAE04EC0-301F-11D3-BF4B-00C04F79EFBC}") = "SegundoParcial", "SegundoParcial\SegundoParcial.csproj", "{89004D77-B545-42AF-B8C2-534AED808D49}"
EndProject
Global
	GlobalSection(SolutionConfigurationPlatforms) = preSolution
		Debug|Any CPU = Debug|Any CPU
		Release|Any CPU = Release|Any CPU
	EndGlobalSection
	GlobalSection(ProjectConfigurationPlatforms) = postSolution
		{89004D77-B545-42AF-B8C2-534AED808D49}.Debug|Any CPU.ActiveCfg = Debug|Any CPU
		{89004D77-B545-42AF-B8C2-534AED808D49}.Debug|Any CPU.Build.0 = Debug|Any CPU
		{89004D77-B545-42AF-B8C2-534AED808D49}.Release|Any CPU.ActiveCfg = Release|Any CPU
		{89004D77-B545-42AF-B8C2-534AED808D49}.Release|Any CPU.Build.0 = Release|Any CPU
	EndGlobalSection
	GlobalSection(SolutionProperties) = preSolution
		HideSolutionNode = FALSE
	EndGlobalSection
	GlobalSection(ExtensibilityGlobals) = postSolution
		SolutionGuid = {D0E58A9A-0B71-4439-A8B1-B7EAB9F55464}
	EndGlobalSection
EndGlobal
